// !$*UTF8*$!
{
	archiveVersion = 1;
	classes = {
	};
	objectVersion = 48;
	objects = {

/* Begin PBXBuildFile section */
		41387EC820678D9B00A1DEF8 /* AppDelegate.swift in Sources */ = {isa = PBXBuildFile; fileRef = 41387EC720678D9B00A1DEF8 /* AppDelegate.swift */; };
		41387ECA20678D9B00A1DEF8 /* ViewController.swift in Sources */ = {isa = PBXBuildFile; fileRef = 41387EC920678D9B00A1DEF8 /* ViewController.swift */; };
		41387ECD20678D9B00A1DEF8 /* Main.storyboard in Resources */ = {isa = PBXBuildFile; fileRef = 41387ECB20678D9B00A1DEF8 /* Main.storyboard */; };
		41387ED020678D9B00A1DEF8 /* To_Do_Listt.xcdatamodeld in Sources */ = {isa = PBXBuildFile; fileRef = 41387ECE20678D9B00A1DEF8 /* To_Do_Listt.xcdatamodeld */; };
		41387ED220678D9B00A1DEF8 /* Assets.xcassets in Resources */ = {isa = PBXBuildFile; fileRef = 41387ED120678D9B00A1DEF8 /* Assets.xcassets */; };
		41387ED520678D9C00A1DEF8 /* LaunchScreen.storyboard in Resources */ = {isa = PBXBuildFile; fileRef = 41387ED320678D9C00A1DEF8 /* LaunchScreen.storyboard */; };
/* End PBXBuildFile section */

/* Begin PBXFileReference section */
		41387EC420678D9B00A1DEF8 /* To Do Listt.app */ = {isa = PBXFileReference; explicitFileType = wrapper.application; includeInIndex = 0; path = "To Do Listt.app"; sourceTree = BUILT_PRODUCTS_DIR; };
		41387EC720678D9B00A1DEF8 /* AppDelegate.swift */ = {isa = PBXFileReference; lastKnownFileType = sourcecode.swift; path = AppDelegate.swift; sourceTree = "<group>"; };
		41387EC920678D9B00A1DEF8 /* ViewController.swift */ = {isa = PBXFileReference; lastKnownFileType = sourcecode.swift; path = ViewController.swift; sourceTree = "<group>"; };
		41387ECC20678D9B00A1DEF8 /* Base */ = {isa = PBXFileReference; lastKnownFileType = file.storyboard; name = Base; path = Base.lproj/Main.storyboard; sourceTree = "<group>"; };
		41387ECF20678D9B00A1DEF8 /* To_Do_Listt.xcdatamodel */ = {isa = PBXFileReference; lastKnownFileType = wrapper.xcdatamodel; path = To_Do_Listt.xcdatamodel; sourceTree = "<group>"; };
		41387ED120678D9B00A1DEF8 /* Assets.xcassets */ = {isa = PBXFileReference; lastKnownFileType = folder.assetcatalog; path = Assets.xcassets; sourceTree = "<group>"; };
		41387ED420678D9C00A1DEF8 /* Base */ = {isa = PBXFileReference; lastKnownFileType = file.storyboard; name = Base; path = Base.lproj/LaunchScreen.storyboard; sourceTree = "<group>"; };
		41387ED620678D9C00A1DEF8 /* Info.plist */ = {isa = PBXFileReference; lastKnownFileType = text.plist.xml; path = Info.plist; sourceTree = "<group>"; };
/* End PBXFileReference section */

/* Begin PBXFrameworksBuildPhase section */
		41387EC120678D9B00A1DEF8 /* Frameworks */ = {
			isa = PBXFrameworksBuildPhase;
			buildActionMask = 2147483647;
			files = (
			);
			runOnlyForDeploymentPostprocessing = 0;
		};
/* End PBXFrameworksBuildPhase section */

/* Begin PBXGroup section */
		41387EBB20678D9B00A1DEF8 = {
			isa = PBXGroup;
			children = (
				41387EC620678D9B00A1DEF8 /* To Do Listt */,
				41387EC520678D9B00A1DEF8 /* Products */,
			);
			sourceTree = "<group>";
		};
		41387EC520678D9B00A1DEF8 /* Products */ = {
			isa = PBXGroup;
			children = (
				41387EC420678D9B00A1DEF8 /* To Do Listt.app */,
			);
			name = Products;
			sourceTree = "<group>";
		};
		41387EC620678D9B00A1DEF8 /* To Do Listt */ = {
			isa = PBXGroup;
			children = (
				41387EC720678D9B00A1DEF8 /* AppDelegate.swift */,
				41387EC920678D9B00A1DEF8 /* ViewController.swift */,
				41387ECB20678D9B00A1DEF8 /* Main.storyboard */,
				41387ED120678D9B00A1DEF8 /* Assets.xcassets */,
				41387ED320678D9C00A1DEF8 /* LaunchScreen.storyboard */,
				41387ED620678D9C00A1DEF8 /* Info.plist */,
				41387ECE20678D9B00A1DEF8 /* To_Do_Listt.xcdatamodeld */,
			);
			path = "To Do Listt";
			sourceTree = "<group>";
		};
/* End PBXGroup section */

/* Begin PBXNativeTarget section */
		41387EC320678D9B00A1DEF8 /* To Do Listt */ = {
			isa = PBXNativeTarget;
			buildConfigurationList = 41387ED920678D9C00A1DEF8 /* Build configuration list for PBXNativeTarget "To Do Listt" */;
			buildPhases = (
				41387EC020678D9B00A1DEF8 /* Sources */,
				41387EC120678D9B00A1DEF8 /* Frameworks */,
				41387EC220678D9B00A1DEF8 /* Resources */,
			);
			buildRules = (
			);
			dependencies = (
			);
			name = "To Do Listt";
			productName = "To Do Listt";
			productReference = 41387EC420678D9B00A1DEF8 /* To Do Listt.app */;
			productType = "com.apple.product-type.application";
		};
/* End PBXNativeTarget section */

/* Begin PBXProject section */
		41387EBC20678D9B00A1DEF8 /* Project object */ = {
			isa = PBXProject;
			attributes = {
				LastSwiftUpdateCheck = 0900;
				LastUpgradeCheck = 0900;
				ORGANIZATIONNAME = "Akki Suju";
				TargetAttributes = {
					41387EC320678D9B00A1DEF8 = {
						CreatedOnToolsVersion = 9.0;
						ProvisioningStyle = Automatic;
					};
				};
			};
			buildConfigurationList = 41387EBF20678D9B00A1DEF8 /* Build configuration list for PBXProject "To Do Listt" */;
			compatibilityVersion = "Xcode 8.0";
			developmentRegion = en;
			hasScannedForEncodings = 0;
			knownRegions = (
				en,
				Base,
			);
			mainGroup = 41387EBB20678D9B00A1DEF8;
			productRefGroup = 41387EC520678D9B00A1DEF8 /* Products */;
			projectDirPath = "";
			projectRoot = "";
			targets = (
				41387EC320678D9B00A1DEF8 /* To Do Listt */,
			);
		};
/* End PBXProject section */

/* Begin PBXResourcesBuildPhase section */
		41387EC220678D9B00A1DEF8 /* Resources */ = {
			isa = PBXResourcesBuildPhase;
			buildActionMask = 2147483647;
			files = (
				41387ED520678D9C00A1DEF8 /* LaunchScreen.storyboard in Resources */,
				41387ED220678D9B00A1DEF8 /* Assets.xcassets in Resources */,
				41387ECD20678D9B00A1DEF8 /* Main.storyboard in Resources */,
			);
			runOnlyForDeploymentPostprocessing = 0;
		};
/* End PBXResourcesBuildPhase section */

/* Begin PBXSourcesBuildPhase section */
		41387EC020678D9B00A1DEF8 /* Sources */ = {
			isa = PBXSourcesBuildPhase;
			buildActionMask = 2147483647;
			files = (
				41387ED020678D9B00A1DEF8 /* To_Do_Listt.xcdatamodeld in Sources */,
				41387ECA20678D9B00A1DEF8 /* ViewController.swift in Sources */,
				41387EC820678D9B00A1DEF8 /* AppDelegate.swift in Sources */,
			);
			runOnlyForDeploymentPostprocessing = 0;
		};
/* End PBXSourcesBuildPhase section */

/* Begin PBXVariantGroup section */
		41387ECB20678D9B00A1DEF8 /* Main.storyboard */ = {
			isa = PBXVariantGroup;
			children = (
				41387ECC20678D9B00A1DEF8 /* Base */,
			);
			name = Main.storyboard;
			sourceTree = "<group>";
		};
		41387ED320678D9C00A1DEF8 /* LaunchScreen.storyboard */ = {
			isa = PBXVariantGroup;
			children = (
				41387ED420678D9C00A1DEF8 /* Base */,
			);
			name = LaunchScreen.storyboard;
			sourceTree = "<group>";
		};
/* End PBXVariantGroup section */

/* Begin XCBuildConfiguration section */
		41387ED720678D9C00A1DEF8 /* Debug */ = {
			isa = XCBuildConfiguration;
			buildSettings = {
				ALWAYS_SEARCH_USER_PATHS = NO;
				CLANG_ANALYZER_NONNULL = YES;
				CLANG_ANALYZER_NUMBER_OBJECT_CONVERSION = YES_AGGRESSIVE;
				CLANG_CXX_LANGUAGE_STANDARD = "gnu++14";
				CLANG_CXX_LIBRARY = "libc++";
				CLANG_ENABLE_MODULES = YES;
				CLANG_ENABLE_OBJC_ARC = YES;
				CLANG_WARN_BLOCK_CAPTURE_AUTORELEASING = YES;
				CLANG_WARN_BOOL_CONVERSION = YES;
				CLANG_WARN_COMMA = YES;
				CLANG_WARN_CONSTANT_CONVERSION = YES;
				CLANG_WARN_DIRECT_OBJC_ISA_USAGE = YES_ERROR;
				CLANG_WARN_DOCUMENTATION_COMMENTS = YES;
				CLANG_WARN_EMPTY_BODY = YES;
				CLANG_WARN_ENUM_CONVERSION = YES;
				CLANG_WARN_INFINITE_RECURSION = YES;
				CLANG_WARN_INT_CONVERSION = YES;
				CLANG_WARN_NON_LITERAL_NULL_CONVERSION = YES;
				CLANG_WARN_OBJC_LITERAL_CONVERSION = YES;
				CLANG_WARN_OBJC_ROOT_CLASS = YES_ERROR;
				CLANG_WARN_RANGE_LOOP_ANALYSIS = YES;
				CLANG_WARN_STRICT_PROTOTYPES = YES;
				CLANG_WARN_SUSPICIOUS_MOVE = YES;
				CLANG_WARN_UNGUARDED_AVAILABILITY = YES_AGGRESSIVE;
				CLANG_WARN_UNREACHABLE_CODE = YES;
				CLANG_WARN__DUPLICATE_METHOD_MATCH = YES;
				CODE_SIGN_IDENTITY = "iPhone Developer";
				COPY_PHASE_STRIP = NO;
				DEBUG_INFORMATION_FORMAT = dwarf;
				ENABLE_STRICT_OBJC_MSGSEND = YES;
				ENABLE_TESTABILITY = YES;
				GCC_C_LANGUAGE_STANDARD = gnu11;
				GCC_DYNAMIC_NO_PIC = NO;
				GCC_NO_COMMON_BLOCKS = YES;
				GCC_OPTIMIZATION_LEVEL = 0;
				GCC_PREPROCESSOR_DEFINITIONS = (
					"DEBUG=1",
					"$(inherited)",
				);
				GCC_WARN_64_TO_32_BIT_CONVERSION = YES;
				GCC_WARN_ABOUT_RETURN_TYPE = YES_ERROR;
				GCC_WARN_UNDECLARED_SELECTOR = YES;
				GCC_WARN_UNINITIALIZED_AUTOS = YES_AGGRESSIVE;
				GCC_WARN_UNUSED_FUNCTION = YES;
				GCC_WARN_UNUSED_VARIABLE = YES;
				IPHONEOS_DEPLOYMENT_TARGET = 11.0;
				MTL_ENABLE_DEBUG_INFO = YES;
				ONLY_ACTIVE_ARCH = YES;
				SDKROOT = iphoneos;
				SWIFT_ACTIVE_COMPILATION_CONDITIONS = DEBUG;
				SWIFT_OPTIMIZATION_LEVEL = "-Onone";
			};
			name = Debug;
		};
		41387ED820678D9C00A1DEF8 /* Release */ = {
			isa = XCBuildConfiguration;
			buildSettings = {
				ALWAYS_SEARCH_USER_PATHS = NO;
				CLANG_ANALYZER_NONNULL = YES;
				CLANG_ANALYZER_NUMBER_OBJECT_CONVERSION = YES_AGGRESSIVE;
				CLANG_CXX_LANGUAGE_STANDARD = "gnu++14";
				CLANG_CXX_LIBRARY = "libc++";
				CLANG_ENABLE_MODULES = YES;
				CLANG_ENABLE_OBJC_ARC = YES;
				CLANG_WARN_BLOCK_CAPTURE_AUTORELEASING = YES;
				CLANG_WARN_BOOL_CONVERSION = YES;
				CLANG_WARN_COMMA = YES;
				CLANG_WARN_CONSTANT_CONVERSION = YES;
				CLANG_WARN_DIRECT_OBJC_ISA_USAGE = YES_ERROR;
				CLANG_WARN_DOCUMENTATION_COMMENTS = YES;
				CLANG_WARN_EMPTY_BODY = YES;
				CLANG_WARN_ENUM_CONVERSION = YES;
				CLANG_WARN_INFINITE_RECURSION = YES;
				CLANG_WARN_INT_CONVERSION = YES;
				CLANG_WARN_NON_LITERAL_NULL_CONVERSION = YES;
				CLANG_WARN_OBJC_LITERAL_CONVERSION = YES;
				CLANG_WARN_OBJC_ROOT_CLASS = YES_ERROR;
				CLANG_WARN_RANGE_LOOP_ANALYSIS = YES;
				CLANG_WARN_STRICT_PROTOTYPES = YES;
				CLANG_WARN_SUSPICIOUS_MOVE = YES;
				CLANG_WARN_UNGUARDED_AVAILABILITY = YES_AGGRESSIVE;
				CLANG_WARN_UNREACHABLE_CODE = YES;
				CLANG_WARN__DUPLICATE_METHOD_MATCH = YES;
				CODE_SIGN_IDENTITY = "iPhone Developer";
				COPY_PHASE_STRIP = NO;
				DEBUG_INFORMATION_FORMAT = "dwarf-with-dsym";
				ENABLE_NS_ASSERTIONS = NO;
				ENABLE_STRICT_OBJC_MSGSEND = YES;
				GCC_C_LANGUAGE_STANDARD = gnu11;
				GCC_NO_COMMON_BLOCKS = YES;
				GCC_WARN_64_TO_32_BIT_CONVERSION = YES;
				GCC_WARN_ABOUT_RETURN_TYPE = YES_ERROR;
				GCC_WARN_UNDECLARED_SELECTOR = YES;
				GCC_WARN_UNINITIALIZED_AUTOS = YES_AGGRESSIVE;
				GCC_WARN_UNUSED_FUNCTION = YES;
				GCC_WARN_UNUSED_VARIABLE = YES;
				IPHONEOS_DEPLOYMENT_TARGET = 11.0;
				MTL_ENABLE_DEBUG_INFO = NO;
				SDKROOT = iphoneos;
				SWIFT_OPTIMIZATION_LEVEL = "-Owholemodule";
				VALIDATE_PRODUCT = YES;
			};
			name = Release;
		};
		41387EDA20678D9C00A1DEF8 /* Debug */ = {
			isa = XCBuildConfiguration;
			buildSettings = {
				ASSETCATALOG_COMPILER_APPICON_NAME = AppIcon;
				CODE_SIGN_STYLE = Automatic;
				INFOPLIST_FILE = "To Do Listt/Info.plist";
				LD_RUNPATH_SEARCH_PATHS = "$(inherited) @executable_path/Frameworks";
				PRODUCT_BUNDLE_IDENTIFIER = "com.suju.akki.To-Do-Listt";
				PRODUCT_NAME = "$(TARGET_NAME)";
				SWIFT_VERSION = 4.0;
				TARGETED_DEVICE_FAMILY = "1,2";
			};
			name = Debug;
		};
		41387EDB20678D9C00A1DEF8 /* Release */ = {
			isa = XCBuildConfiguration;
			buildSettings = {
				ASSETCATALOG_COMPILER_APPICON_NAME = AppIcon;
				CODE_SIGN_STYLE = Automatic;
				INFOPLIST_FILE = "To Do Listt/Info.plist";
				LD_RUNPATH_SEARCH_PATHS = "$(inherited) @executable_path/Frameworks";
				PRODUCT_BUNDLE_IDENTIFIER = "com.suju.akki.To-Do-Listt";
				PRODUCT_NAME = "$(TARGET_NAME)";
				SWIFT_VERSION = 4.0;
				TARGETED_DEVICE_FAMILY = "1,2";
			};
			name = Release;
		};
/* End XCBuildConfiguration section */

/* Begin XCConfigurationList section */
		41387EBF20678D9B00A1DEF8 /* Build configuration list for PBXProject "To Do Listt" */ = {
			isa = XCConfigurationList;
			buildConfigurations = (
				41387ED720678D9C00A1DEF8 /* Debug */,
				41387ED820678D9C00A1DEF8 /* Release */,
			);
			defaultConfigurationIsVisible = 0;
			defaultConfigurationName = Release;
		};
		41387ED920678D9C00A1DEF8 /* Build configuration list for PBXNativeTarget "To Do Listt" */ = {
			isa = XCConfigurationList;
			buildConfigurations = (
				41387EDA20678D9C00A1DEF8 /* Debug */,
				41387EDB20678D9C00A1DEF8 /* Release */,
			);
			defaultConfigurationIsVisible = 0;
			defaultConfigurationName = Release;
		};
/* End XCConfigurationList section */

/* Begin XCVersionGroup section */
		41387ECE20678D9B00A1DEF8 /* To_Do_Listt.xcdatamodeld */ = {
			isa = XCVersionGroup;
			children = (
				41387ECF20678D9B00A1DEF8 /* To_Do_Listt.xcdatamodel */,
			);
			currentVersion = 41387ECF20678D9B00A1DEF8 /* To_Do_Listt.xcdatamodel */;
			path = To_Do_Listt.xcdatamodeld;
			sourceTree = "<group>";
			versionGroupType = wrapper.xcdatamodel;
		};
/* End XCVersionGroup section */
	};
	rootObject = 41387EBC20678D9B00A1DEF8 /* Project object */;
}
